
Microsoft Visual Studio Solution File, Format Version 12.00
# Visual Studio 15
Project("{FAE04EC0-301F-11D3-BF4B-00C04F79EFBC}") = "SqlserverProtoServer", "SqlserverProtoServer\SqlserverProtoServer.csproj", "{C9819A89-9597-4BBF-BFE1-AA37289FA505}"
EndProject
Project("{FAE04EC0-301F-11D3-BF4B-00C04F79EFBC}") = "SqlserverProto", "SqlserverProto\SqlserverProto.csproj", "{BF4B35F8-8776-4934-8BA2-78583B41B661}"
EndProject
Project("{FAE04EC0-301F-11D3-BF4B-00C04F79EFBC}") = "SqlserverProtoServerTest", "SqlserverProtoServerTest\SqlserverProtoServerTest.csproj", "{28B979D0-57F9-4366-9C65-4C1369707EFB}"
EndProject
Global
	GlobalSection(SolutionConfigurationPlatforms) = preSolution
		Debug|Any CPU = Debug|Any CPU
		Release|Any CPU = Release|Any CPU
	EndGlobalSection
	GlobalSection(ProjectConfigurationPlatforms) = postSolution
		{C9819A89-9597-4BBF-BFE1-AA37289FA505}.Debug|Any CPU.ActiveCfg = Debug|Any CPU
		{C9819A89-9597-4BBF-BFE1-AA37289FA505}.Debug|Any CPU.Build.0 = Debug|Any CPU
		{C9819A89-9597-4BBF-BFE1-AA37289FA505}.Release|Any CPU.ActiveCfg = Release|Any CPU
		{C9819A89-9597-4BBF-BFE1-AA37289FA505}.Release|Any CPU.Build.0 = Release|Any CPU
		{BF4B35F8-8776-4934-8BA2-78583B41B661}.Debug|Any CPU.ActiveCfg = Debug|Any CPU
		{BF4B35F8-8776-4934-8BA2-78583B41B661}.Debug|Any CPU.Build.0 = Debug|Any CPU
		{BF4B35F8-8776-4934-8BA2-78583B41B661}.Release|Any CPU.ActiveCfg = Release|Any CPU
		{BF4B35F8-8776-4934-8BA2-78583B41B661}.Release|Any CPU.Build.0 = Release|Any CPU
		{28B979D0-57F9-4366-9C65-4C1369707EFB}.Debug|Any CPU.ActiveCfg = Debug|Any CPU
		{28B979D0-57F9-4366-9C65-4C1369707EFB}.Debug|Any CPU.Build.0 = Debug|Any CPU
		{28B979D0-57F9-4366-9C65-4C1369707EFB}.Release|Any CPU.ActiveCfg = Release|Any CPU
		{28B979D0-57F9-4366-9C65-4C1369707EFB}.Release|Any CPU.Build.0 = Release|Any CPU
	EndGlobalSection
EndGlobal
